
Microsoft Visual Studio Solution File, Format Version 12.00
# Visual Studio Express 2013 for Web
VisualStudioVersion = 12.0.30110.0
MinimumVisualStudioVersion = 10.0.40219.1
Project("{FAE04EC0-301F-11D3-BF4B-00C04F79EFBC}") = "TexasList", "TexasList\TexasList.csproj", "{E243A688-0F42-484C-96A8-774593414EFF}"
EndProject
Project("{FAE04EC0-301F-11D3-BF4B-00C04F79EFBC}") = "TexasList.Data", "TexasList.Data\TexasList.Data.csproj", "{A74229E4-BD8A-49FC-9F86-6B8223782A41}"
EndProject
Project("{FAE04EC0-301F-11D3-BF4B-00C04F79EFBC}") = "TexasList.Data.Models", "TexasList.Data.Models\TexasList.Data.Models.csproj", "{44DD0522-C410-42D4-843C-86F287F1D3E5}"
EndProject
Global
	GlobalSection(SolutionConfigurationPlatforms) = preSolution
		Debug|Any CPU = Debug|Any CPU
		Release|Any CPU = Release|Any CPU
	EndGlobalSection
	GlobalSection(ProjectConfigurationPlatforms) = postSolution
		{E243A688-0F42-484C-96A8-774593414EFF}.Debug|Any CPU.ActiveCfg = Debug|Any CPU
		{E243A688-0F42-484C-96A8-774593414EFF}.Debug|Any CPU.Build.0 = Debug|Any CPU
		{E243A688-0F42-484C-96A8-774593414EFF}.Release|Any CPU.ActiveCfg = Release|Any CPU
		{E243A688-0F42-484C-96A8-774593414EFF}.Release|Any CPU.Build.0 = Release|Any CPU
		{A74229E4-BD8A-49FC-9F86-6B8223782A41}.Debug|Any CPU.ActiveCfg = Debug|Any CPU
		{A74229E4-BD8A-49FC-9F86-6B8223782A41}.Debug|Any CPU.Build.0 = Debug|Any CPU
		{A74229E4-BD8A-49FC-9F86-6B8223782A41}.Release|Any CPU.ActiveCfg = Release|Any CPU
		{A74229E4-BD8A-49FC-9F86-6B8223782A41}.Release|Any CPU.Build.0 = Release|Any CPU
		{44DD0522-C410-42D4-843C-86F287F1D3E5}.Debug|Any CPU.ActiveCfg = Debug|Any CPU
		{44DD0522-C410-42D4-843C-86F287F1D3E5}.Debug|Any CPU.Build.0 = Debug|Any CPU
		{44DD0522-C410-42D4-843C-86F287F1D3E5}.Release|Any CPU.ActiveCfg = Release|Any CPU
		{44DD0522-C410-42D4-843C-86F287F1D3E5}.Release|Any CPU.Build.0 = Release|Any CPU
	EndGlobalSection
	GlobalSection(SolutionProperties) = preSolution
		HideSolutionNode = FALSE
	EndGlobalSection
EndGlobal
